settings:
  autoInstallPeers: true
  excludeLinksFromLockfile: false

importers:

  .:
    dependencies:
      '@headlessui/react':
        specifier: ^2.1.10
        version: 2.1.10(react-dom@18.3.1(react@18.3.1))(react@18.3.1)
      '@heroicons/react':
        specifier: ^2.1.5
        version: 2.1.5(react@18.3.1)
      '@prisma/client':
        specifier: ^5.3.1
        version: 5.20.0(prisma@5.20.0)
      '@vercel/speed-insights':
        specifier: ^1.0.12
        version: 1.0.12(next@14.2.14(react-dom@18.3.1(react@18.3.1))(react@18.3.1))(react@18.3.1)
      framer-motion:
        specifier: ^11.11.9
        version: 11.11.9(react-dom@18.3.1(react@18.3.1))(react@18.3.1)
      heroicons:
        specifier: ^2.1.5
        version: 2.1.5
      mongodb:
        specifier: ^6.9.0
        version: 6.9.0
      next:
        specifier: ^14.2.12
        version: 14.2.14(react-dom@18.3.1(react@18.3.1))(react@18.3.1)
      next-auth:
        specifier: ^4.24.8
        version: 4.24.8(next@14.2.14(react-dom@18.3.1(react@18.3.1))(react@18.3.1))(react-dom@18.3.1(react@18.3.1))(react@18.3.1)
      react:
        specifier: ^18
        version: 18.3.1
      react-chartjs-2:
        specifier: ^5.2.0
        version: 5.2.0(chart.js@4.4.4)(react@18.3.1)
      react-dom:
        specifier: ^18
        version: 18.3.1(react@18.3.1)
      resend:
        specifier: ^4.0.0
        version: 4.0.0(react-dom@18.3.1(react@18.3.1))(react@18.3.1)
    devDependencies:
      '@types/node':
        specifier: ^20
        version: 20.16.10
      '@types/react':
        specifier: ^18
        version: 18.3.11
      '@types/react-dom':
        specifier: ^18
        version: 18.3.0
      eslint:
        specifier: ^8
        version: 8.57.1
      eslint-config-next:
        specifier: 14.2.7
        version: 14.2.7(eslint@8.57.1)(typescript@5.6.2)
      postcss:
        specifier: ^8
        version: 8.4.47
      prisma:
        specifier: ^5.20.0
        version: 5.20.0
      tailwindcss:
        specifier: ^3.4.13
        version: 3.4.13
      typescript:
        specifier: ^5
        version: 5.6.2